// !$*UTF8*$!
{
	archiveVersion = 1;
	classes = {
	};
	objectVersion = 46;
	objects = {

/* Begin PBXBuildFile section */
		C388B93A1E94905C0049859F /* main.m in Sources */ = {isa = PBXBuildFile; fileRef = C388B9391E94905C0049859F /* main.m */; };
		C388B93D1E94905C0049859F /* AppDelegate.m in Sources */ = {isa = PBXBuildFile; fileRef = C388B93C1E94905C0049859F /* AppDelegate.m */; };
		C388B9401E94905C0049859F /* ViewController.m in Sources */ = {isa = PBXBuildFile; fileRef = C388B93F1E94905C0049859F /* ViewController.m */; };
		C388B9431E94905D0049859F /* Main.storyboard in Resources */ = {isa = PBXBuildFile; fileRef = C388B9411E94905D0049859F /* Main.storyboard */; };
		C388B9451E94905D0049859F /* Assets.xcassets in Resources */ = {isa = PBXBuildFile; fileRef = C388B9441E94905D0049859F /* Assets.xcassets */; };
		C388B9481E94905D0049859F /* LaunchScreen.storyboard in Resources */ = {isa = PBXBuildFile; fileRef = C388B9461E94905D0049859F /* LaunchScreen.storyboard */; };
		C388B9511E9491070049859F /* ContactFormViewController.m in Sources */ = {isa = PBXBuildFile; fileRef = C388B9501E9491070049859F /* ContactFormViewController.m */; };
		C388B9541E94911C0049859F /* EditViewController.m in Sources */ = {isa = PBXBuildFile; fileRef = C388B9531E94911C0049859F /* EditViewController.m */; };
/* End PBXBuildFile section */

/* Begin PBXFileReference section */
		C388B9351E94905C0049859F /* ContactForm.app */ = {isa = PBXFileReference; explicitFileType = wrapper.application; includeInIndex = 0; path = ContactForm.app; sourceTree = BUILT_PRODUCTS_DIR; };
		C388B9391E94905C0049859F /* main.m */ = {isa = PBXFileReference; lastKnownFileType = sourcecode.c.objc; path = main.m; sourceTree = "<group>"; };
		C388B93B1E94905C0049859F /* AppDelegate.h */ = {isa = PBXFileReference; lastKnownFileType = sourcecode.c.h; path = AppDelegate.h; sourceTree = "<group>"; };
		C388B93C1E94905C0049859F /* AppDelegate.m */ = {isa = PBXFileReference; lastKnownFileType = sourcecode.c.objc; path = AppDelegate.m; sourceTree = "<group>"; };
		C388B93E1E94905C0049859F /* ViewController.h */ = {isa = PBXFileReference; lastKnownFileType = sourcecode.c.h; path = ViewController.h; sourceTree = "<group>"; };
		C388B93F1E94905C0049859F /* ViewController.m */ = {isa = PBXFileReference; lastKnownFileType = sourcecode.c.objc; path = ViewController.m; sourceTree = "<group>"; };
		C388B9421E94905D0049859F /* Base */ = {isa = PBXFileReference; lastKnownFileType = file.storyboard; name = Base; path = Base.lproj/Main.storyboard; sourceTree = "<group>"; };
		C388B9441E94905D0049859F /* Assets.xcassets */ = {isa = PBXFileReference; lastKnownFileType = folder.assetcatalog; path = Assets.xcassets; sourceTree = "<group>"; };
		C388B9471E94905D0049859F /* Base */ = {isa = PBXFileReference; lastKnownFileType = file.storyboard; name = Base; path = Base.lproj/LaunchScreen.storyboard; sourceTree = "<group>"; };
		C388B9491E94905D0049859F /* Info.plist */ = {isa = PBXFileReference; lastKnownFileType = text.plist.xml; path = Info.plist; sourceTree = "<group>"; };
		C388B94F1E9491070049859F /* ContactFormViewController.h */ = {isa = PBXFileReference; fileEncoding = 4; lastKnownFileType = sourcecode.c.h; path = ContactFormViewController.h; sourceTree = "<group>"; };
		C388B9501E9491070049859F /* ContactFormViewController.m */ = {isa = PBXFileReference; fileEncoding = 4; lastKnownFileType = sourcecode.c.objc; path = ContactFormViewController.m; sourceTree = "<group>"; };
		C388B9521E94911C0049859F /* EditViewController.h */ = {isa = PBXFileReference; fileEncoding = 4; lastKnownFileType = sourcecode.c.h; path = EditViewController.h; sourceTree = "<group>"; };
		C388B9531E94911C0049859F /* EditViewController.m */ = {isa = PBXFileReference; fileEncoding = 4; lastKnownFileType = sourcecode.c.objc; path = EditViewController.m; sourceTree = "<group>"; };
/* End PBXFileReference section */

/* Begin PBXFrameworksBuildPhase section */
		C388B9321E94905C0049859F /* Frameworks */ = {
			isa = PBXFrameworksBuildPhase;
			buildActionMask = 2147483647;
			files = (
			);
			runOnlyForDeploymentPostprocessing = 0;
		};
/* End PBXFrameworksBuildPhase section */

/* Begin PBXGroup section */
		C388B92C1E94905C0049859F = {
			isa = PBXGroup;
			children = (
				C388B9371E94905C0049859F /* ContactForm */,
				C388B9361E94905C0049859F /* Products */,
			);
			sourceTree = "<group>";
		};
		C388B9361E94905C0049859F /* Products */ = {
			isa = PBXGroup;
			children = (
				C388B9351E94905C0049859F /* ContactForm.app */,
			);
			name = Products;
			sourceTree = "<group>";
		};
		C388B9371E94905C0049859F /* ContactForm */ = {
			isa = PBXGroup;
			children = (
				C388B93B1E94905C0049859F /* AppDelegate.h */,
				C388B93C1E94905C0049859F /* AppDelegate.m */,
				C388B93E1E94905C0049859F /* ViewController.h */,
				C388B93F1E94905C0049859F /* ViewController.m */,
				C388B94F1E9491070049859F /* ContactFormViewController.h */,
				C388B9501E9491070049859F /* ContactFormViewController.m */,
				C388B9521E94911C0049859F /* EditViewController.h */,
				C388B9531E94911C0049859F /* EditViewController.m */,
				C388B9411E94905D0049859F /* Main.storyboard */,
				C388B9441E94905D0049859F /* Assets.xcassets */,
				C388B9461E94905D0049859F /* LaunchScreen.storyboard */,
				C388B9491E94905D0049859F /* Info.plist */,
				C388B9381E94905C0049859F /* Supporting Files */,
			);
			path = ContactForm;
			sourceTree = "<group>";
		};
		C388B9381E94905C0049859F /* Supporting Files */ = {
			isa = PBXGroup;
			children = (
				C388B9391E94905C0049859F /* main.m */,
			);
			name = "Supporting Files";
			sourceTree = "<group>";
		};
/* End PBXGroup section */

/* Begin PBXNativeTarget section */
		C388B9341E94905C0049859F /* ContactForm */ = {
			isa = PBXNativeTarget;
			buildConfigurationList = C388B94C1E94905D0049859F /* Build configuration list for PBXNativeTarget "ContactForm" */;
			buildPhases = (
				C388B9311E94905C0049859F /* Sources */,
				C388B9321E94905C0049859F /* Frameworks */,
				C388B9331E94905C0049859F /* Resources */,
			);
			buildRules = (
			);
			dependencies = (
			);
			name = ContactForm;
			productName = ContactForm;
			productReference = C388B9351E94905C0049859F /* ContactForm.app */;
			productType = "com.apple.product-type.application";
		};
/* End PBXNativeTarget section */

/* Begin PBXProject section */
		C388B92D1E94905C0049859F /* Project object */ = {
			isa = PBXProject;
			attributes = {
				LastUpgradeCheck = 0820;
				ORGANIZATIONNAME = "Yu Cheng";
				TargetAttributes = {
					C388B9341E94905C0049859F = {
						CreatedOnToolsVersion = 8.2.1;
						ProvisioningStyle = Automatic;
					};
				};
			};
			buildConfigurationList = C388B9301E94905C0049859F /* Build configuration list for PBXProject "ContactForm" */;
			compatibilityVersion = "Xcode 3.2";
			developmentRegion = English;
			hasScannedForEncodings = 0;
			knownRegions = (
				en,
				Base,
			);
			mainGroup = C388B92C1E94905C0049859F;
			productRefGroup = C388B9361E94905C0049859F /* Products */;
			projectDirPath = "";
			projectRoot = "";
			targets = (
				C388B9341E94905C0049859F /* ContactForm */,
			);
		};
/* End PBXProject section */

/* Begin PBXResourcesBuildPhase section */
		C388B9331E94905C0049859F /* Resources */ = {
			isa = PBXResourcesBuildPhase;
			buildActionMask = 2147483647;
			files = (
				C388B9481E94905D0049859F /* LaunchScreen.storyboard in Resources */,
				C388B9451E94905D0049859F /* Assets.xcassets in Resources */,
				C388B9431E94905D0049859F /* Main.storyboard in Resources */,
			);
			runOnlyForDeploymentPostprocessing = 0;
		};
/* End PBXResourcesBuildPhase section */

/* Begin PBXSourcesBuildPhase section */
		C388B9311E94905C0049859F /* Sources */ = {
			isa = PBXSourcesBuildPhase;
			buildActionMask = 2147483647;
			files = (
				C388B9401E94905C0049859F /* ViewController.m in Sources */,
				C388B9511E9491070049859F /* ContactFormViewController.m in Sources */,
				C388B93D1E94905C0049859F /* AppDelegate.m in Sources */,
				C388B93A1E94905C0049859F /* main.m in Sources */,
				C388B9541E94911C0049859F /* EditViewController.m in Sources */,
			);
			runOnlyForDeploymentPostprocessing = 0;
		};
/* End PBXSourcesBuildPhase section */

/* Begin PBXVariantGroup section */
		C388B9411E94905D0049859F /* Main.storyboard */ = {
			isa = PBXVariantGroup;
			children = (
				C388B9421E94905D0049859F /* Base */,
			);
			name = Main.storyboard;
			sourceTree = "<group>";
		};
		C388B9461E94905D0049859F /* LaunchScreen.storyboard */ = {
			isa = PBXVariantGroup;
			children = (
				C388B9471E94905D0049859F /* Base */,
			);
			name = LaunchScreen.storyboard;
			sourceTree = "<group>";
		};
/* End PBXVariantGroup section */

/* Begin XCBuildConfiguration section */
		C388B94A1E94905D0049859F /* Debug */ = {
			isa = XCBuildConfiguration;
			buildSettings = {
				ALWAYS_SEARCH_USER_PATHS = NO;
				CLANG_ANALYZER_NONNULL = YES;
				CLANG_CXX_LANGUAGE_STANDARD = "gnu++0x";
				CLANG_CXX_LIBRARY = "libc++";
				CLANG_ENABLE_MODULES = YES;
				CLANG_ENABLE_OBJC_ARC = YES;
				CLANG_WARN_BOOL_CONVERSION = YES;
				CLANG_WARN_CONSTANT_CONVERSION = YES;
				CLANG_WARN_DIRECT_OBJC_ISA_USAGE = YES_ERROR;
				CLANG_WARN_DOCUMENTATION_COMMENTS = YES;
				CLANG_WARN_EMPTY_BODY = YES;
				CLANG_WARN_ENUM_CONVERSION = YES;
				CLANG_WARN_INFINITE_RECURSION = YES;
				CLANG_WARN_INT_CONVERSION = YES;
				CLANG_WARN_OBJC_ROOT_CLASS = YES_ERROR;
				CLANG_WARN_SUSPICIOUS_MOVE = YES;
				CLANG_WARN_UNREACHABLE_CODE = YES;
				CLANG_WARN__DUPLICATE_METHOD_MATCH = YES;
				"CODE_SIGN_IDENTITY[sdk=iphoneos*]" = "iPhone Developer";
				COPY_PHASE_STRIP = NO;
				DEBUG_INFORMATION_FORMAT = dwarf;
				ENABLE_STRICT_OBJC_MSGSEND = YES;
				ENABLE_TESTABILITY = YES;
				GCC_C_LANGUAGE_STANDARD = gnu99;
				GCC_DYNAMIC_NO_PIC = NO;
				GCC_NO_COMMON_BLOCKS = YES;
				GCC_OPTIMIZATION_LEVEL = 0;
				GCC_PREPROCESSOR_DEFINITIONS = (
					"DEBUG=1",
					"$(inherited)",
				);
				GCC_WARN_64_TO_32_BIT_CONVERSION = YES;
				GCC_WARN_ABOUT_RETURN_TYPE = YES_ERROR;
				GCC_WARN_UNDECLARED_SELECTOR = YES;
				GCC_WARN_UNINITIALIZED_AUTOS = YES_AGGRESSIVE;
				GCC_WARN_UNUSED_FUNCTION = YES;
				GCC_WARN_UNUSED_VARIABLE = YES;
				IPHONEOS_DEPLOYMENT_TARGET = 8.0;
				MTL_ENABLE_DEBUG_INFO = YES;
				ONLY_ACTIVE_ARCH = YES;
				SDKROOT = iphoneos;
			};
			name = Debug;
		};
		C388B94B1E94905D0049859F /* Release */ = {
			isa = XCBuildConfiguration;
			buildSettings = {
				ALWAYS_SEARCH_USER_PATHS = NO;
				CLANG_ANALYZER_NONNULL = YES;
				CLANG_CXX_LANGUAGE_STANDARD = "gnu++0x";
				CLANG_CXX_LIBRARY = "libc++";
				CLANG_ENABLE_MODULES = YES;
				CLANG_ENABLE_OBJC_ARC = YES;
				CLANG_WARN_BOOL_CONVERSION = YES;
				CLANG_WARN_CONSTANT_CONVERSION = YES;
				CLANG_WARN_DIRECT_OBJC_ISA_USAGE = YES_ERROR;
				CLANG_WARN_DOCUMENTATION_COMMENTS = YES;
				CLANG_WARN_EMPTY_BODY = YES;
				CLANG_WARN_ENUM_CONVERSION = YES;
				CLANG_WARN_INFINITE_RECURSION = YES;
				CLANG_WARN_INT_CONVERSION = YES;
				CLANG_WARN_OBJC_ROOT_CLASS = YES_ERROR;
				CLANG_WARN_SUSPICIOUS_MOVE = YES;
				CLANG_WARN_UNREACHABLE_CODE = YES;
				CLANG_WARN__DUPLICATE_METHOD_MATCH = YES;
				"CODE_SIGN_IDENTITY[sdk=iphoneos*]" = "iPhone Developer";
				COPY_PHASE_STRIP = NO;
				DEBUG_INFORMATION_FORMAT = "dwarf-with-dsym";
				ENABLE_NS_ASSERTIONS = NO;
				ENABLE_STRICT_OBJC_MSGSEND = YES;
				GCC_C_LANGUAGE_STANDARD = gnu99;
				GCC_NO_COMMON_BLOCKS = YES;
				GCC_WARN_64_TO_32_BIT_CONVERSION = YES;
				GCC_WARN_ABOUT_RETURN_TYPE = YES_ERROR;
				GCC_WARN_UNDECLARED_SELECTOR = YES;
				GCC_WARN_UNINITIALIZED_AUTOS = YES_AGGRESSIVE;
				GCC_WARN_UNUSED_FUNCTION = YES;
				GCC_WARN_UNUSED_VARIABLE = YES;
				IPHONEOS_DEPLOYMENT_TARGET = 8.0;
				MTL_ENABLE_DEBUG_INFO = NO;
				SDKROOT = iphoneos;
				VALIDATE_PRODUCT = YES;
			};
			name = Release;
		};
		C388B94D1E94905D0049859F /* Debug */ = {
			isa = XCBuildConfiguration;
			buildSettings = {
				ASSETCATALOG_COMPILER_APPICON_NAME = AppIcon;
				INFOPLIST_FILE = ContactForm/Info.plist;
				IPHONEOS_DEPLOYMENT_TARGET = 8.0;
				LD_RUNPATH_SEARCH_PATHS = "$(inherited) @executable_path/Frameworks";
				PRODUCT_BUNDLE_IDENTIFIER = com.yucheng.ContactForm;
				PRODUCT_NAME = "$(TARGET_NAME)";
			};
			name = Debug;
		};
		C388B94E1E94905D0049859F /* Release */ = {
			isa = XCBuildConfiguration;
			buildSettings = {
				ASSETCATALOG_COMPILER_APPICON_NAME = AppIcon;
				INFOPLIST_FILE = ContactForm/Info.plist;
				IPHONEOS_DEPLOYMENT_TARGET = 8.0;
				LD_RUNPATH_SEARCH_PATHS = "$(inherited) @executable_path/Frameworks";
				PRODUCT_BUNDLE_IDENTIFIER = com.yucheng.ContactForm;
				PRODUCT_NAME = "$(TARGET_NAME)";
			};
			name = Release;
		};
/* End XCBuildConfiguration section */

/* Begin XCConfigurationList section */
		C388B9301E94905C0049859F /* Build configuration list for PBXProject "ContactForm" */ = {
			isa = XCConfigurationList;
			buildConfigurations = (
				C388B94A1E94905D0049859F /* Debug */,
				C388B94B1E94905D0049859F /* Release */,
			);
			defaultConfigurationIsVisible = 0;
			defaultConfigurationName = Release;
		};
		C388B94C1E94905D0049859F /* Build configuration list for PBXNativeTarget "ContactForm" */ = {
			isa = XCConfigurationList;
			buildConfigurations = (
				C388B94D1E94905D0049859F /* Debug */,
				C388B94E1E94905D0049859F /* Release */,
			);
			defaultConfigurationIsVisible = 0;
			defaultConfigurationName = Release;
		};
/* End XCConfigurationList section */
	};
	rootObject = C388B92D1E94905C0049859F /* Project object */;
}
